
Microsoft Visual Studio Solution File, Format Version 12.00
# Visual Studio Version 17
VisualStudioVersion = 17.1.32228.430
MinimumVisualStudioVersion = 10.0.40219.1
Project("{FAE04EC0-301F-11D3-BF4B-00C04F79EFBC}") = "Sreelekshmi", "Sreelekshmi\Sreelekshmi.csproj", "{0A9C1F9A-39E1-4FFC-95D4-6945B7FF4002}"
EndProject
Global
	GlobalSection(SolutionConfigurationPlatforms) = preSolution
		Debug|Any CPU = Debug|Any CPU
		Release|Any CPU = Release|Any CPU
	EndGlobalSection
	GlobalSection(ProjectConfigurationPlatforms) = postSolution
		{0A9C1F9A-39E1-4FFC-95D4-6945B7FF4002}.Debug|Any CPU.ActiveCfg = Debug|Any CPU
		{0A9C1F9A-39E1-4FFC-95D4-6945B7FF4002}.Debug|Any CPU.Build.0 = Debug|Any CPU
		{0A9C1F9A-39E1-4FFC-95D4-6945B7FF4002}.Release|Any CPU.ActiveCfg = Release|Any CPU
		{0A9C1F9A-39E1-4FFC-95D4-6945B7FF4002}.Release|Any CPU.Build.0 = Release|Any CPU
	EndGlobalSection
	GlobalSection(SolutionProperties) = preSolution
		HideSolutionNode = FALSE
	EndGlobalSection
	GlobalSection(ExtensibilityGlobals) = postSolution
		SolutionGuid = {45983D3A-C1FC-430F-B312-52EC0BCFB3E9}
	EndGlobalSection
EndGlobal
